
Microsoft Visual Studio Solution File, Format Version 11.00
# Visual Studio 2010
Project("{FAE04EC0-301F-11D3-BF4B-00C04F79EFBC}") = "QScalp", "QScalp.csproj", "{BBCA5733-8C49-4281-933D-061BE1FC59B3}"
EndProject
Project("{9A19103F-16F7-4668-BE54-9A1E7A4F7556}") = "QScalp.Shared", "QScalp.Shared\QScalp.Shared.csproj", "{A1B2C3D4-1111-2222-3333-444455556666}"
EndProject
Project("{9A19103F-16F7-4668-BE54-9A1E7A4F7556}") = "QScalp.Server", "QScalp.Server\QScalp.Server.csproj", "{A1B2C3D4-1111-2222-3333-444455557777}"
EndProject
Global
	GlobalSection(SolutionConfigurationPlatforms) = preSolution
		Debug|x64 = Debug|x64
		Debug|x86 = Debug|x86
		Release|x64 = Release|x64
		Release|x86 = Release|x86
	EndGlobalSection
	GlobalSection(ProjectConfigurationPlatforms) = postSolution
		{BBCA5733-8C49-4281-933D-061BE1FC59B3}.Debug|x64.ActiveCfg = Debug|x64
		{BBCA5733-8C49-4281-933D-061BE1FC59B3}.Debug|x64.Build.0 = Debug|x64
		{BBCA5733-8C49-4281-933D-061BE1FC59B3}.Debug|x86.ActiveCfg = Debug|x86
		{BBCA5733-8C49-4281-933D-061BE1FC59B3}.Debug|x86.Build.0 = Debug|x86
		{BBCA5733-8C49-4281-933D-061BE1FC59B3}.Release|x64.ActiveCfg = Release|x64
		{BBCA5733-8C49-4281-933D-061BE1FC59B3}.Release|x64.Build.0 = Release|x64
		{BBCA5733-8C49-4281-933D-061BE1FC59B3}.Release|x86.ActiveCfg = Release|x86
		{BBCA5733-8C49-4281-933D-061BE1FC59B3}.Release|x86.Build.0 = Release|x86
		{A1B2C3D4-1111-2222-3333-444455556666}.Debug|x64.ActiveCfg = Debug|Any CPU
		{A1B2C3D4-1111-2222-3333-444455556666}.Debug|x64.Build.0 = Debug|Any CPU
		{A1B2C3D4-1111-2222-3333-444455556666}.Debug|x86.ActiveCfg = Debug|Any CPU
		{A1B2C3D4-1111-2222-3333-444455556666}.Debug|x86.Build.0 = Debug|Any CPU
		{A1B2C3D4-1111-2222-3333-444455556666}.Release|x64.ActiveCfg = Release|Any CPU
		{A1B2C3D4-1111-2222-3333-444455556666}.Release|x64.Build.0 = Release|Any CPU
		{A1B2C3D4-1111-2222-3333-444455556666}.Release|x86.ActiveCfg = Release|Any CPU
		{A1B2C3D4-1111-2222-3333-444455556666}.Release|x86.Build.0 = Release|Any CPU
		{A1B2C3D4-1111-2222-3333-444455557777}.Debug|x64.ActiveCfg = Debug|Any CPU
		{A1B2C3D4-1111-2222-3333-444455557777}.Debug|x64.Build.0 = Debug|Any CPU
		{A1B2C3D4-1111-2222-3333-444455557777}.Debug|x86.ActiveCfg = Debug|Any CPU
		{A1B2C3D4-1111-2222-3333-444455557777}.Debug|x86.Build.0 = Debug|Any CPU
		{A1B2C3D4-1111-2222-3333-444455557777}.Release|x64.ActiveCfg = Release|Any CPU
		{A1B2C3D4-1111-2222-3333-444455557777}.Release|x64.Build.0 = Release|Any CPU
		{A1B2C3D4-1111-2222-3333-444455557777}.Release|x86.ActiveCfg = Release|Any CPU
		{A1B2C3D4-1111-2222-3333-444455557777}.Release|x86.Build.0 = Release|Any CPU
	EndGlobalSection
	GlobalSection(SolutionProperties) = preSolution
		HideSolutionNode = FALSE
	EndGlobalSection
EndGlobal
